
Microsoft Visual Studio Solution File, Format Version 12.00
# Visual Studio Version 16
VisualStudioVersion = 16.0.33130.400
MinimumVisualStudioVersion = 10.0.40219.1
Project("{FAE04EC0-301F-11D3-BF4B-00C04F79EFBC}") = "mwb-materials", "mwb-materials.csproj", "{72667D7F-8F00-4AEC-8C9B-6BDCD0DF0403}"
EndProject
Global
	GlobalSection(SolutionConfigurationPlatforms) = preSolution
		Debug|Any CPU = Debug|Any CPU
		Debug|x64 = Debug|x64
		Release|Any CPU = Release|Any CPU
		Release|x64 = Release|x64
	EndGlobalSection
	GlobalSection(ProjectConfigurationPlatforms) = postSolution
		{72667D7F-8F00-4AEC-8C9B-6BDCD0DF0403}.Debug|Any CPU.ActiveCfg = Debug|Any CPU
		{72667D7F-8F00-4AEC-8C9B-6BDCD0DF0403}.Debug|Any CPU.Build.0 = Debug|Any CPU
		{72667D7F-8F00-4AEC-8C9B-6BDCD0DF0403}.Debug|x64.ActiveCfg = Debug|Any CPU
		{72667D7F-8F00-4AEC-8C9B-6BDCD0DF0403}.Debug|x64.Build.0 = Debug|Any CPU
		{72667D7F-8F00-4AEC-8C9B-6BDCD0DF0403}.Release|Any CPU.ActiveCfg = Release|Any CPU
		{72667D7F-8F00-4AEC-8C9B-6BDCD0DF0403}.Release|Any CPU.Build.0 = Release|Any CPU
		{72667D7F-8F00-4AEC-8C9B-6BDCD0DF0403}.Release|x64.ActiveCfg = Release|Any CPU
		{72667D7F-8F00-4AEC-8C9B-6BDCD0DF0403}.Release|x64.Build.0 = Release|Any CPU
	EndGlobalSection
	GlobalSection(SolutionProperties) = preSolution
		HideSolutionNode = FALSE
	EndGlobalSection
	GlobalSection(ExtensibilityGlobals) = postSolution
		SolutionGuid = {6E6CF85E-1AC7-4A98-B5BA-CED71BBC7831}
	EndGlobalSection
EndGlobal
